{
  "name": "sir.js",
  "version": "1.0.0",
  "lockfileVersion": 1,
  "requires": true,
  "dependencies": {
    "asciichart": {
      "version": "1.5.13",
      "resolved": "https://registry.npmjs.org/asciichart/-/asciichart-1.5.13.tgz",
      "integrity": "sha512-0LqT4G1DJpsUtv1tVz3Wev/jjLcR5xKzO3p6eAn1LihRTgI+TMaaFWY57OVEvyAH3gEvNfxWmrfkqfD1UIllsA=="
    },
    "ode-euler": {
      "version": "1.0.6",
      "resolved": "https://registry.npmjs.org/ode-euler/-/ode-euler-1.0.6.tgz",
      "integrity": "sha1-7H1Ff7sqqhjLpyCTuaA0sfddaSE="
    },
    "ode-rk4": {
      "version": "1.1.3",
      "resolved": "https://registry.npmjs.org/ode-rk4/-/ode-rk4-1.1.3.tgz",
      "integrity": "sha1-65Z9mFEoqX4Dwi+WvDxoHM/l0ME="
    },
    "runge-kutta-4": {
      "version": "1.0.5",
      "resolved": "https://registry.npmjs.org/runge-kutta-4/-/runge-kutta-4-1.0.5.tgz",
      "integrity": "sha1-hsKBIWOu83Xg5H17ZmwIMACPGPg="
    }
  }
}
